
Microsoft Visual Studio Solution File, Format Version 12.00
# Visual Studio Version 17
VisualStudioVersion = 17.4.33213.308
MinimumVisualStudioVersion = 10.0.40219.1
Project("{FAE04EC0-301F-11D3-BF4B-00C04F79EFBC}") = "TratExcRegraDeNegocio", "TratExcRegraDeNegocio.csproj", "{45A1E0BF-C7DA-464C-8F1F-FA0BD27F75FC}"
EndProject
Global
	GlobalSection(SolutionConfigurationPlatforms) = preSolution
		Debug|Any CPU = Debug|Any CPU
		Release|Any CPU = Release|Any CPU
	EndGlobalSection
	GlobalSection(ProjectConfigurationPlatforms) = postSolution
		{45A1E0BF-C7DA-464C-8F1F-FA0BD27F75FC}.Debug|Any CPU.ActiveCfg = Debug|Any CPU
		{45A1E0BF-C7DA-464C-8F1F-FA0BD27F75FC}.Debug|Any CPU.Build.0 = Debug|Any CPU
		{45A1E0BF-C7DA-464C-8F1F-FA0BD27F75FC}.Release|Any CPU.ActiveCfg = Release|Any CPU
		{45A1E0BF-C7DA-464C-8F1F-FA0BD27F75FC}.Release|Any CPU.Build.0 = Release|Any CPU
	EndGlobalSection
	GlobalSection(SolutionProperties) = preSolution
		HideSolutionNode = FALSE
	EndGlobalSection
	GlobalSection(ExtensibilityGlobals) = postSolution
		SolutionGuid = {90EE7552-D0A2-4AF9-AEBA-A7CCBA556775}
	EndGlobalSection
EndGlobal
