
Microsoft Visual Studio Solution File, Format Version 12.00
# Visual Studio Version 17
VisualStudioVersion = 17.4.33213.308
MinimumVisualStudioVersion = 10.0.40219.1
Project("{FAE04EC0-301F-11D3-BF4B-00C04F79EFBC}") = "Buscador de números primos", "Buscador de números primos\Buscador de números primos.csproj", "{92DA1768-4F6A-4DE3-93F3-B02336952A6B}"
EndProject
Global
	GlobalSection(SolutionConfigurationPlatforms) = preSolution
		Debug|Any CPU = Debug|Any CPU
		Release|Any CPU = Release|Any CPU
	EndGlobalSection
	GlobalSection(ProjectConfigurationPlatforms) = postSolution
		{92DA1768-4F6A-4DE3-93F3-B02336952A6B}.Debug|Any CPU.ActiveCfg = Debug|Any CPU
		{92DA1768-4F6A-4DE3-93F3-B02336952A6B}.Debug|Any CPU.Build.0 = Debug|Any CPU
		{92DA1768-4F6A-4DE3-93F3-B02336952A6B}.Release|Any CPU.ActiveCfg = Release|Any CPU
		{92DA1768-4F6A-4DE3-93F3-B02336952A6B}.Release|Any CPU.Build.0 = Release|Any CPU
	EndGlobalSection
	GlobalSection(SolutionProperties) = preSolution
		HideSolutionNode = FALSE
	EndGlobalSection
	GlobalSection(ExtensibilityGlobals) = postSolution
		SolutionGuid = {2FC20FA8-3168-4A75-A281-72C66581274B}
	EndGlobalSection
EndGlobal
