
Microsoft Visual Studio Solution File, Format Version 12.00
# Visual Studio Version 17
VisualStudioVersion = 17.4.33213.308
MinimumVisualStudioVersion = 10.0.40219.1
Project("{9A19103F-16F7-4668-BE54-9A1E7A4F7556}") = "Exercício_2", "Exercício_2.csproj", "{B653E06E-9B8D-432E-BD48-7FE98B450B60}"
EndProject
Global
	GlobalSection(SolutionConfigurationPlatforms) = preSolution
		Debug|Any CPU = Debug|Any CPU
		Release|Any CPU = Release|Any CPU
	EndGlobalSection
	GlobalSection(ProjectConfigurationPlatforms) = postSolution
		{B653E06E-9B8D-432E-BD48-7FE98B450B60}.Debug|Any CPU.ActiveCfg = Debug|Any CPU
		{B653E06E-9B8D-432E-BD48-7FE98B450B60}.Debug|Any CPU.Build.0 = Debug|Any CPU
		{B653E06E-9B8D-432E-BD48-7FE98B450B60}.Release|Any CPU.ActiveCfg = Release|Any CPU
		{B653E06E-9B8D-432E-BD48-7FE98B450B60}.Release|Any CPU.Build.0 = Release|Any CPU
	EndGlobalSection
	GlobalSection(SolutionProperties) = preSolution
		HideSolutionNode = FALSE
	EndGlobalSection
	GlobalSection(ExtensibilityGlobals) = postSolution
		SolutionGuid = {70AEB6C3-684E-4E78-B4E6-C152F63197EE}
	EndGlobalSection
EndGlobal
