
Microsoft Visual Studio Solution File, Format Version 12.00
# Visual Studio Version 17
VisualStudioVersion = 17.4.33213.308
MinimumVisualStudioVersion = 10.0.40219.1
Project("{FAE04EC0-301F-11D3-BF4B-00C04F79EFBC}") = "Olamundo", "Olamundo\Olamundo.csproj", "{1534AA15-432A-4482-B179-64F944AE281F}"
EndProject
Global
	GlobalSection(SolutionConfigurationPlatforms) = preSolution
		Debug|Any CPU = Debug|Any CPU
		Release|Any CPU = Release|Any CPU
	EndGlobalSection
	GlobalSection(ProjectConfigurationPlatforms) = postSolution
		{1534AA15-432A-4482-B179-64F944AE281F}.Debug|Any CPU.ActiveCfg = Debug|Any CPU
		{1534AA15-432A-4482-B179-64F944AE281F}.Debug|Any CPU.Build.0 = Debug|Any CPU
		{1534AA15-432A-4482-B179-64F944AE281F}.Release|Any CPU.ActiveCfg = Release|Any CPU
		{1534AA15-432A-4482-B179-64F944AE281F}.Release|Any CPU.Build.0 = Release|Any CPU
	EndGlobalSection
	GlobalSection(SolutionProperties) = preSolution
		HideSolutionNode = FALSE
	EndGlobalSection
	GlobalSection(ExtensibilityGlobals) = postSolution
		SolutionGuid = {981F26AA-380C-4342-99DD-8ED54FB7C1AA}
	EndGlobalSection
EndGlobal
