
Microsoft Visual Studio Solution File, Format Version 12.00
# Visual Studio Version 17
VisualStudioVersion = 17.4.33213.308
MinimumVisualStudioVersion = 10.0.40219.1
Project("{FAE04EC0-301F-11D3-BF4B-00C04F79EFBC}") = "Exercício_2", "Exercício_2.csproj", "{C0343B04-9B50-4D11-8F3E-1BD51A824276}"
EndProject
Global
	GlobalSection(SolutionConfigurationPlatforms) = preSolution
		Debug|Any CPU = Debug|Any CPU
		Release|Any CPU = Release|Any CPU
	EndGlobalSection
	GlobalSection(ProjectConfigurationPlatforms) = postSolution
		{C0343B04-9B50-4D11-8F3E-1BD51A824276}.Debug|Any CPU.ActiveCfg = Debug|Any CPU
		{C0343B04-9B50-4D11-8F3E-1BD51A824276}.Debug|Any CPU.Build.0 = Debug|Any CPU
		{C0343B04-9B50-4D11-8F3E-1BD51A824276}.Release|Any CPU.ActiveCfg = Release|Any CPU
		{C0343B04-9B50-4D11-8F3E-1BD51A824276}.Release|Any CPU.Build.0 = Release|Any CPU
	EndGlobalSection
	GlobalSection(SolutionProperties) = preSolution
		HideSolutionNode = FALSE
	EndGlobalSection
	GlobalSection(ExtensibilityGlobals) = postSolution
		SolutionGuid = {19F07370-8BA8-48E5-96A0-F52BC73FECA3}
	EndGlobalSection
EndGlobal
